
Microsoft Visual Studio Solution File, Format Version 12.00
# Visual Studio Version 16
VisualStudioVersion = 25.0.1706.12
MinimumVisualStudioVersion = 10.0.40219.1
Project("{FAE04EC0-301F-11D3-BF4B-00C04F79EFBC}") = "Vidly", "Vidly\Vidly.csproj", "{63015F5F-C75F-45B5-B597-E89E555F7ADA}"
EndProject
Global
	GlobalSection(SolutionConfigurationPlatforms) = preSolution
		Debug|Any CPU = Debug|Any CPU
		Release|Any CPU = Release|Any CPU
	EndGlobalSection
	GlobalSection(ProjectConfigurationPlatforms) = postSolution
		{63015F5F-C75F-45B5-B597-E89E555F7ADA}.Debug|Any CPU.ActiveCfg = Debug|Any CPU
		{63015F5F-C75F-45B5-B597-E89E555F7ADA}.Debug|Any CPU.Build.0 = Debug|Any CPU
		{63015F5F-C75F-45B5-B597-E89E555F7ADA}.Release|Any CPU.ActiveCfg = Release|Any CPU
		{63015F5F-C75F-45B5-B597-E89E555F7ADA}.Release|Any CPU.Build.0 = Release|Any CPU
	EndGlobalSection
	GlobalSection(SolutionProperties) = preSolution
		HideSolutionNode = FALSE
	EndGlobalSection
	GlobalSection(ExtensibilityGlobals) = postSolution
		SolutionGuid = {86EE9E77-882E-4022-B94C-706C109511E7}
	EndGlobalSection
EndGlobal
